
Microsoft Visual Studio Solution File, Format Version 12.00
# Visual Studio 15
VisualStudioVersion = 15.0.28010.2016
MinimumVisualStudioVersion = 10.0.40219.1
Project("{FAE04EC0-301F-11D3-BF4B-00C04F79EFBC}") = "CreditCardValidator", "WpfApp1\CreditCardValidator.csproj", "{CCB02EC2-B208-4FC7-9DD1-D37A36E9DB5F}"
EndProject
Global
	GlobalSection(SolutionConfigurationPlatforms) = preSolution
		Debug|Any CPU = Debug|Any CPU
		Release|Any CPU = Release|Any CPU
	EndGlobalSection
	GlobalSection(ProjectConfigurationPlatforms) = postSolution
		{CCB02EC2-B208-4FC7-9DD1-D37A36E9DB5F}.Debug|Any CPU.ActiveCfg = Debug|Any CPU
		{CCB02EC2-B208-4FC7-9DD1-D37A36E9DB5F}.Debug|Any CPU.Build.0 = Debug|Any CPU
		{CCB02EC2-B208-4FC7-9DD1-D37A36E9DB5F}.Release|Any CPU.ActiveCfg = Release|Any CPU
		{CCB02EC2-B208-4FC7-9DD1-D37A36E9DB5F}.Release|Any CPU.Build.0 = Release|Any CPU
	EndGlobalSection
	GlobalSection(SolutionProperties) = preSolution
		HideSolutionNode = FALSE
	EndGlobalSection
	GlobalSection(ExtensibilityGlobals) = postSolution
		SolutionGuid = {5608D548-0317-42D8-BC99-F0944B34FA51}
	EndGlobalSection
EndGlobal
